// !$*UTF8*$!
{
	archiveVersion = 1;
	classes = {
	};
	objectVersion = 56;
	objects = {

/* Begin PBXBuildFile section */
		2B745C1B29C9B49200C10090 /* MealsOnWatchApp.swift in Sources */ = {isa = PBXBuildFile; fileRef = 2B745C1A29C9B49200C10090 /* MealsOnWatchApp.swift */; };
		2B745C1D29C9B49200C10090 /* ContentView.swift in Sources */ = {isa = PBXBuildFile; fileRef = 2B745C1C29C9B49200C10090 /* ContentView.swift */; };
		2B745C2229C9B49200C10090 /* Preview Assets.xcassets in Resources */ = {isa = PBXBuildFile; fileRef = 2B745C2129C9B49200C10090 /* Preview Assets.xcassets */; };
		2B745C2C29C9B49200C10090 /* MealsOnWatch_Watch_AppTests.swift in Sources */ = {isa = PBXBuildFile; fileRef = 2B745C2B29C9B49200C10090 /* MealsOnWatch_Watch_AppTests.swift */; };
		2B745C6329CB188100C10090 /* World.swift in Sources */ = {isa = PBXBuildFile; fileRef = 37468219235F122100380AFC /* World.swift */; };
		2B745C6729CB1FAA00C10090 /* WCSessionDelegator.swift in Sources */ = {isa = PBXBuildFile; fileRef = 2B745C6629CB1FAA00C10090 /* WCSessionDelegator.swift */; };
		2B745C6829CB1FAC00C10090 /* WCSessionDelegator.swift in Sources */ = {isa = PBXBuildFile; fileRef = 2B745C6629CB1FAA00C10090 /* WCSessionDelegator.swift */; };
		2B745C7129CC607800C10090 /* AddMealViewModel.swift in Sources */ = {isa = PBXBuildFile; fileRef = 2B745C7029CC607800C10090 /* AddMealViewModel.swift */; };
		2B745C7329CC60F300C10090 /* MealModel.swift in Sources */ = {isa = PBXBuildFile; fileRef = 2B745C7229CC60F300C10090 /* MealModel.swift */; };
		2B745C7429CC60F300C10090 /* MealModel.swift in Sources */ = {isa = PBXBuildFile; fileRef = 2B745C7229CC60F300C10090 /* MealModel.swift */; };
		2B745C7529CC611600C10090 /* MealType.swift in Sources */ = {isa = PBXBuildFile; fileRef = 37F155672361B06D00FDF8CA /* MealType.swift */; };
		2B745C7729CC618400C10090 /* Weight.swift in Sources */ = {isa = PBXBuildFile; fileRef = 37468216235F122100380AFC /* Weight.swift */; };
		2B745C7829CC61A900C10090 /* CaloriesCount+CoreDataClass.swift in Sources */ = {isa = PBXBuildFile; fileRef = 37E7B95F23A91B1800C1FE74 /* CaloriesCount+CoreDataClass.swift */; };
		2B745C7929CC61DE00C10090 /* CaloriesCount+CoreDataProperties.swift in Sources */ = {isa = PBXBuildFile; fileRef = 37E7B96023A91B1800C1FE74 /* CaloriesCount+CoreDataProperties.swift */; };
		2B745C7B29CC620300C10090 /* Assets.xcassets in Resources */ = {isa = PBXBuildFile; fileRef = 2B745C7A29CC620300C10090 /* Assets.xcassets */; };
		2B745C7C29CC803600C10090 /* AddMealView.swift in Sources */ = {isa = PBXBuildFile; fileRef = 373AAECB23993BF900E142AD /* AddMealView.swift */; };
		2B745C8029CC893700C10090 /* AddMealViewModelProtocol.swift in Sources */ = {isa = PBXBuildFile; fileRef = 2B745C7F29CC893700C10090 /* AddMealViewModelProtocol.swift */; };
		2B745C8229CC89CF00C10090 /* AddMealWatchViewModel.swift in Sources */ = {isa = PBXBuildFile; fileRef = 2B745C8129CC89CF00C10090 /* AddMealWatchViewModel.swift */; };
		2B745C8329CC89E400C10090 /* AddMealViewModelProtocol.swift in Sources */ = {isa = PBXBuildFile; fileRef = 2B745C7F29CC893700C10090 /* AddMealViewModelProtocol.swift */; };
		2B745C8629CC8A4A00C10090 /* AddMealButton.swift in Sources */ = {isa = PBXBuildFile; fileRef = 2B745C8529CC8A4600C10090 /* AddMealButton.swift */; };
		2B745C8729CDAB8700C10090 /* AddMealButton.swift in Sources */ = {isa = PBXBuildFile; fileRef = 2B745C8529CC8A4600C10090 /* AddMealButton.swift */; };
		2B745C8A29CDB45900C10090 /* NotificationType.swift in Sources */ = {isa = PBXBuildFile; fileRef = 2B745C8929CDB45900C10090 /* NotificationType.swift */; };
		2B745C8B29CDB53B00C10090 /* MealsOnWatch Watch App.app in Embed Watch Content */ = {isa = PBXBuildFile; fileRef = 2B745C1829C9B49200C10090 /* MealsOnWatch Watch App.app */; };
		2B745C8C29CDB5A200C10090 /* NotificationType.swift in Sources */ = {isa = PBXBuildFile; fileRef = 2B745C8929CDB45900C10090 /* NotificationType.swift */; };
		373AAECC23993BF900E142AD /* AddMealView.swift in Sources */ = {isa = PBXBuildFile; fileRef = 373AAECB23993BF900E142AD /* AddMealView.swift */; };
		374681F6235F11F700380AFC /* Preview Assets.xcassets in Resources */ = {isa = PBXBuildFile; fileRef = 374681F5235F11F700380AFC /* Preview Assets.xcassets */; };
		374681F9235F11F700380AFC /* LaunchScreen.storyboard in Resources */ = {isa = PBXBuildFile; fileRef = 374681F7235F11F700380AFC /* LaunchScreen.storyboard */; };
		37468204235F11F700380AFC /* MealsTests.swift in Sources */ = {isa = PBXBuildFile; fileRef = 37468203235F11F700380AFC /* MealsTests.swift */; };
		3746821F235F122100380AFC /* Meals.xcdatamodeld in Sources */ = {isa = PBXBuildFile; fileRef = 37468211235F122000380AFC /* Meals.xcdatamodeld */; };
		37468220235F122100380AFC /* Meal+CoreDataClass.swift in Sources */ = {isa = PBXBuildFile; fileRef = 37468213235F122000380AFC /* Meal+CoreDataClass.swift */; };
		37468222235F122100380AFC /* Weight.swift in Sources */ = {isa = PBXBuildFile; fileRef = 37468216235F122100380AFC /* Weight.swift */; };
		37468223235F122100380AFC /* MealCell.swift in Sources */ = {isa = PBXBuildFile; fileRef = 37468217235F122100380AFC /* MealCell.swift */; };
		37468224235F122100380AFC /* World.swift in Sources */ = {isa = PBXBuildFile; fileRef = 37468219235F122100380AFC /* World.swift */; };
		3764E9A92371A6AF00971781 /* Settings.swift in Sources */ = {isa = PBXBuildFile; fileRef = 3764E9A82371A6AF00971781 /* Settings.swift */; };
		3764E9AD2371A6D600971781 /* FileExporter.swift in Sources */ = {isa = PBXBuildFile; fileRef = 3764E9AC2371A6D600971781 /* FileExporter.swift */; };
		3764E9AF2371BBF500971781 /* ActivityViewController.swift in Sources */ = {isa = PBXBuildFile; fileRef = 3764E9AE2371BBF500971781 /* ActivityViewController.swift */; };
		3767F7F523A9263A0037C402 /* Int+StringValue.swift in Sources */ = {isa = PBXBuildFile; fileRef = 3767F7F423A9263A0037C402 /* Int+StringValue.swift */; };
		37B133FF23CCAF450050B376 /* DismissingKeyboard.swift in Sources */ = {isa = PBXBuildFile; fileRef = 37B133FE23CCAF450050B376 /* DismissingKeyboard.swift */; };
		37C5935C235F37EB00EAEEB7 /* StatisticsCell.swift in Sources */ = {isa = PBXBuildFile; fileRef = 37C5935B235F37EB00EAEEB7 /* StatisticsCell.swift */; };
		37C59360235F452500EAEEB7 /* MealLog.swift in Sources */ = {isa = PBXBuildFile; fileRef = 37C5935F235F452500EAEEB7 /* MealLog.swift */; };
		37C89FA423D5A7EC00E7C19D /* EditMeal.swift in Sources */ = {isa = PBXBuildFile; fileRef = 37C89FA323D5A7EC00E7C19D /* EditMeal.swift */; };
		37CB3416235F13E000AAB41D /* SceneDelegate.swift in Sources */ = {isa = PBXBuildFile; fileRef = 37CB3415235F13E000AAB41D /* SceneDelegate.swift */; };
		37CB3418235F13F400AAB41D /* ContentView.swift in Sources */ = {isa = PBXBuildFile; fileRef = 37CB3417235F13F400AAB41D /* ContentView.swift */; };
		37CB341A235F140800AAB41D /* AppDelegate.swift in Sources */ = {isa = PBXBuildFile; fileRef = 37CB3419235F140800AAB41D /* AppDelegate.swift */; };
		37CB341C235F142200AAB41D /* Assets.xcassets in Resources */ = {isa = PBXBuildFile; fileRef = 37CB341B235F142200AAB41D /* Assets.xcassets */; };
		37CB341E235F16C300AAB41D /* Statistics.swift in Sources */ = {isa = PBXBuildFile; fileRef = 37CB341D235F16C300AAB41D /* Statistics.swift */; };
		37CB3422235F191500AAB41D /* Day.swift in Sources */ = {isa = PBXBuildFile; fileRef = 37CB3421235F191500AAB41D /* Day.swift */; };
		37CBA12A23CCBAD4005593D6 /* String+ExtractInt.swift in Sources */ = {isa = PBXBuildFile; fileRef = 37CBA12923CCBAD4005593D6 /* String+ExtractInt.swift */; };
		37E7B96123A91B1800C1FE74 /* CaloriesCount+CoreDataClass.swift in Sources */ = {isa = PBXBuildFile; fileRef = 37E7B95F23A91B1800C1FE74 /* CaloriesCount+CoreDataClass.swift */; };
		37E7B96323A91B1800C1FE74 /* CaloriesCount+CoreDataProperties.swift in Sources */ = {isa = PBXBuildFile; fileRef = 37E7B96023A91B1800C1FE74 /* CaloriesCount+CoreDataProperties.swift */; };
		37F155662361A91F00FDF8CA /* PersistentContainer.swift in Sources */ = {isa = PBXBuildFile; fileRef = 37F155652361A91F00FDF8CA /* PersistentContainer.swift */; };
		37F155682361B06D00FDF8CA /* MealType.swift in Sources */ = {isa = PBXBuildFile; fileRef = 37F155672361B06D00FDF8CA /* MealType.swift */; };
		37F1556C2361B25900FDF8CA /* Meal+CoreDataProperties.swift in Sources */ = {isa = PBXBuildFile; fileRef = 37F1556A2361B25900FDF8CA /* Meal+CoreDataProperties.swift */; };
		37F1556E2361D93B00FDF8CA /* TypeTag.swift in Sources */ = {isa = PBXBuildFile; fileRef = 37F1556D2361D93B00FDF8CA /* TypeTag.swift */; };
		37F155712362244900FDF8CA /* Meal+Identifiable.swift in Sources */ = {isa = PBXBuildFile; fileRef = 37F155702362244900FDF8CA /* Meal+Identifiable.swift */; };
/* End PBXBuildFile section */

/* Begin PBXContainerItemProxy section */
		2B745C2829C9B49200C10090 /* PBXContainerItemProxy */ = {
			isa = PBXContainerItemProxy;
			containerPortal = 374681DE235F11F600380AFC /* Project object */;
			proxyType = 1;
			remoteGlobalIDString = 2B745C1729C9B49200C10090;
			remoteInfo = "MealsOnWatch Watch App";
		};
		37468200235F11F700380AFC /* PBXContainerItemProxy */ = {
			isa = PBXContainerItemProxy;
			containerPortal = 374681DE235F11F600380AFC /* Project object */;
			proxyType = 1;
			remoteGlobalIDString = 374681E5235F11F600380AFC;
			remoteInfo = Meals;
		};
/* End PBXContainerItemProxy section */

/* Begin PBXCopyFilesBuildPhase section */
		2B745C5B29CB06F000C10090 /* Embed ExtensionKit Extensions */ = {
			isa = PBXCopyFilesBuildPhase;
			buildActionMask = 2147483647;
			dstPath = "$(EXTENSIONS_FOLDER_PATH)";
			dstSubfolderSpec = 16;
			files = (
			);
			name = "Embed ExtensionKit Extensions";
			runOnlyForDeploymentPostprocessing = 0;
		};
		373AAEB82399391200E142AD /* Embed Watch Content */ = {
			isa = PBXCopyFilesBuildPhase;
			buildActionMask = 2147483647;
			dstPath = "$(CONTENTS_FOLDER_PATH)/MealsOnWatch Watch App";
			dstSubfolderSpec = 16;
			files = (
				2B745C8B29CDB53B00C10090 /* MealsOnWatch Watch App.app in Embed Watch Content */,
			);
			name = "Embed Watch Content";
			runOnlyForDeploymentPostprocessing = 0;
		};
/* End PBXCopyFilesBuildPhase section */

/* Begin PBXFileReference section */
		2B745C1829C9B49200C10090 /* MealsOnWatch Watch App.app */ = {isa = PBXFileReference; explicitFileType = wrapper.application; includeInIndex = 0; path = "MealsOnWatch Watch App.app"; sourceTree = BUILT_PRODUCTS_DIR; };
		2B745C1A29C9B49200C10090 /* MealsOnWatchApp.swift */ = {isa = PBXFileReference; lastKnownFileType = sourcecode.swift; path = MealsOnWatchApp.swift; sourceTree = "<group>"; };
		2B745C1C29C9B49200C10090 /* ContentView.swift */ = {isa = PBXFileReference; lastKnownFileType = sourcecode.swift; path = ContentView.swift; sourceTree = "<group>"; };
		2B745C2129C9B49200C10090 /* Preview Assets.xcassets */ = {isa = PBXFileReference; lastKnownFileType = folder.assetcatalog; path = "Preview Assets.xcassets"; sourceTree = "<group>"; };
		2B745C2729C9B49200C10090 /* MealsOnWatch Watch AppTests.xctest */ = {isa = PBXFileReference; explicitFileType = wrapper.cfbundle; includeInIndex = 0; path = "MealsOnWatch Watch AppTests.xctest"; sourceTree = BUILT_PRODUCTS_DIR; };
		2B745C2B29C9B49200C10090 /* MealsOnWatch_Watch_AppTests.swift */ = {isa = PBXFileReference; lastKnownFileType = sourcecode.swift; path = MealsOnWatch_Watch_AppTests.swift; sourceTree = "<group>"; };
		2B745C6629CB1FAA00C10090 /* WCSessionDelegator.swift */ = {isa = PBXFileReference; lastKnownFileType = sourcecode.swift; path = WCSessionDelegator.swift; sourceTree = "<group>"; };
		2B745C6E29CB802500C10090 /* MealsOnWatch-Info.plist */ = {isa = PBXFileReference; lastKnownFileType = text.plist.xml; path = "MealsOnWatch-Info.plist"; sourceTree = SOURCE_ROOT; };
		2B745C7029CC607800C10090 /* AddMealViewModel.swift */ = {isa = PBXFileReference; lastKnownFileType = sourcecode.swift; path = AddMealViewModel.swift; sourceTree = "<group>"; };
		2B745C7229CC60F300C10090 /* MealModel.swift */ = {isa = PBXFileReference; lastKnownFileType = sourcecode.swift; path = MealModel.swift; sourceTree = "<group>"; };
		2B745C7A29CC620300C10090 /* Assets.xcassets */ = {isa = PBXFileReference; lastKnownFileType = folder.assetcatalog; path = Assets.xcassets; sourceTree = "<group>"; };
		2B745C7F29CC893700C10090 /* AddMealViewModelProtocol.swift */ = {isa = PBXFileReference; lastKnownFileType = sourcecode.swift; path = AddMealViewModelProtocol.swift; sourceTree = "<group>"; };
		2B745C8129CC89CF00C10090 /* AddMealWatchViewModel.swift */ = {isa = PBXFileReference; lastKnownFileType = sourcecode.swift; path = AddMealWatchViewModel.swift; sourceTree = "<group>"; };
		2B745C8529CC8A4600C10090 /* AddMealButton.swift */ = {isa = PBXFileReference; lastKnownFileType = sourcecode.swift; path = AddMealButton.swift; sourceTree = "<group>"; };
		2B745C8929CDB45900C10090 /* NotificationType.swift */ = {isa = PBXFileReference; lastKnownFileType = sourcecode.swift; path = NotificationType.swift; sourceTree = "<group>"; };
		373AAECB23993BF900E142AD /* AddMealView.swift */ = {isa = PBXFileReference; lastKnownFileType = sourcecode.swift; path = AddMealView.swift; sourceTree = "<group>"; };
		374681E6235F11F600380AFC /* Meals.app */ = {isa = PBXFileReference; explicitFileType = wrapper.application; includeInIndex = 0; path = Meals.app; sourceTree = BUILT_PRODUCTS_DIR; };
		374681F5235F11F700380AFC /* Preview Assets.xcassets */ = {isa = PBXFileReference; lastKnownFileType = folder.assetcatalog; path = "Preview Assets.xcassets"; sourceTree = "<group>"; };
		374681F8235F11F700380AFC /* Base */ = {isa = PBXFileReference; lastKnownFileType = file.storyboard; name = Base; path = Base.lproj/LaunchScreen.storyboard; sourceTree = "<group>"; };
		374681FA235F11F700380AFC /* Info.plist */ = {isa = PBXFileReference; lastKnownFileType = text.plist.xml; path = Info.plist; sourceTree = "<group>"; };
		374681FF235F11F700380AFC /* MealsTests.xctest */ = {isa = PBXFileReference; explicitFileType = wrapper.cfbundle; includeInIndex = 0; path = MealsTests.xctest; sourceTree = BUILT_PRODUCTS_DIR; };
		37468203235F11F700380AFC /* MealsTests.swift */ = {isa = PBXFileReference; lastKnownFileType = sourcecode.swift; path = MealsTests.swift; sourceTree = "<group>"; };
		37468205235F11F700380AFC /* Info.plist */ = {isa = PBXFileReference; lastKnownFileType = text.plist.xml; path = Info.plist; sourceTree = "<group>"; };
		37468212235F122000380AFC /* Loaded.xcdatamodel */ = {isa = PBXFileReference; lastKnownFileType = wrapper.xcdatamodel; path = Loaded.xcdatamodel; sourceTree = "<group>"; };
		37468213235F122000380AFC /* Meal+CoreDataClass.swift */ = {isa = PBXFileReference; fileEncoding = 4; lastKnownFileType = sourcecode.swift; path = "Meal+CoreDataClass.swift"; sourceTree = "<group>"; };
		37468216235F122100380AFC /* Weight.swift */ = {isa = PBXFileReference; fileEncoding = 4; lastKnownFileType = sourcecode.swift; path = Weight.swift; sourceTree = "<group>"; };
		37468217235F122100380AFC /* MealCell.swift */ = {isa = PBXFileReference; fileEncoding = 4; lastKnownFileType = sourcecode.swift; path = MealCell.swift; sourceTree = "<group>"; };
		37468219235F122100380AFC /* World.swift */ = {isa = PBXFileReference; fileEncoding = 4; lastKnownFileType = sourcecode.swift; path = World.swift; sourceTree = "<group>"; };
		3764E9A82371A6AF00971781 /* Settings.swift */ = {isa = PBXFileReference; lastKnownFileType = sourcecode.swift; path = Settings.swift; sourceTree = "<group>"; };
		3764E9AC2371A6D600971781 /* FileExporter.swift */ = {isa = PBXFileReference; lastKnownFileType = sourcecode.swift; path = FileExporter.swift; sourceTree = "<group>"; };
		3764E9AE2371BBF500971781 /* ActivityViewController.swift */ = {isa = PBXFileReference; lastKnownFileType = sourcecode.swift; path = ActivityViewController.swift; sourceTree = "<group>"; };
		3767F7F423A9263A0037C402 /* Int+StringValue.swift */ = {isa = PBXFileReference; lastKnownFileType = sourcecode.swift; path = "Int+StringValue.swift"; sourceTree = "<group>"; };
		37B133FE23CCAF450050B376 /* DismissingKeyboard.swift */ = {isa = PBXFileReference; lastKnownFileType = sourcecode.swift; path = DismissingKeyboard.swift; sourceTree = "<group>"; };
		37C5935B235F37EB00EAEEB7 /* StatisticsCell.swift */ = {isa = PBXFileReference; lastKnownFileType = sourcecode.swift; path = StatisticsCell.swift; sourceTree = "<group>"; };
		37C5935F235F452500EAEEB7 /* MealLog.swift */ = {isa = PBXFileReference; lastKnownFileType = sourcecode.swift; path = MealLog.swift; sourceTree = "<group>"; };
		37C89FA323D5A7EC00E7C19D /* EditMeal.swift */ = {isa = PBXFileReference; lastKnownFileType = sourcecode.swift; path = EditMeal.swift; sourceTree = "<group>"; };
		37CB3415235F13E000AAB41D /* SceneDelegate.swift */ = {isa = PBXFileReference; fileEncoding = 4; lastKnownFileType = sourcecode.swift; path = SceneDelegate.swift; sourceTree = "<group>"; };
		37CB3417235F13F400AAB41D /* ContentView.swift */ = {isa = PBXFileReference; fileEncoding = 4; lastKnownFileType = sourcecode.swift; path = ContentView.swift; sourceTree = "<group>"; };
		37CB3419235F140800AAB41D /* AppDelegate.swift */ = {isa = PBXFileReference; fileEncoding = 4; lastKnownFileType = sourcecode.swift; path = AppDelegate.swift; sourceTree = "<group>"; };
		37CB341B235F142200AAB41D /* Assets.xcassets */ = {isa = PBXFileReference; lastKnownFileType = folder.assetcatalog; path = Assets.xcassets; sourceTree = "<group>"; };
		37CB341D235F16C300AAB41D /* Statistics.swift */ = {isa = PBXFileReference; lastKnownFileType = sourcecode.swift; path = Statistics.swift; sourceTree = "<group>"; };
		37CB3421235F191500AAB41D /* Day.swift */ = {isa = PBXFileReference; lastKnownFileType = sourcecode.swift; path = Day.swift; sourceTree = "<group>"; };
		37CBA12923CCBAD4005593D6 /* String+ExtractInt.swift */ = {isa = PBXFileReference; lastKnownFileType = sourcecode.swift; path = "String+ExtractInt.swift"; sourceTree = "<group>"; };
		37E7B95F23A91B1800C1FE74 /* CaloriesCount+CoreDataClass.swift */ = {isa = PBXFileReference; lastKnownFileType = sourcecode.swift; path = "CaloriesCount+CoreDataClass.swift"; sourceTree = "<group>"; };
		37E7B96023A91B1800C1FE74 /* CaloriesCount+CoreDataProperties.swift */ = {isa = PBXFileReference; lastKnownFileType = sourcecode.swift; path = "CaloriesCount+CoreDataProperties.swift"; sourceTree = "<group>"; };
		37F155652361A91F00FDF8CA /* PersistentContainer.swift */ = {isa = PBXFileReference; lastKnownFileType = sourcecode.swift; path = PersistentContainer.swift; sourceTree = "<group>"; };
		37F155672361B06D00FDF8CA /* MealType.swift */ = {isa = PBXFileReference; lastKnownFileType = sourcecode.swift; path = MealType.swift; sourceTree = "<group>"; };
		37F1556A2361B25900FDF8CA /* Meal+CoreDataProperties.swift */ = {isa = PBXFileReference; lastKnownFileType = sourcecode.swift; path = "Meal+CoreDataProperties.swift"; sourceTree = "<group>"; };
		37F1556D2361D93B00FDF8CA /* TypeTag.swift */ = {isa = PBXFileReference; lastKnownFileType = sourcecode.swift; path = TypeTag.swift; sourceTree = "<group>"; };
		37F155702362244900FDF8CA /* Meal+Identifiable.swift */ = {isa = PBXFileReference; lastKnownFileType = sourcecode.swift; path = "Meal+Identifiable.swift"; sourceTree = "<group>"; };
/* End PBXFileReference section */

/* Begin PBXFrameworksBuildPhase section */
		2B745C1529C9B49200C10090 /* Frameworks */ = {
			isa = PBXFrameworksBuildPhase;
			buildActionMask = 2147483647;
			files = (
			);
			runOnlyForDeploymentPostprocessing = 0;
		};
		2B745C2429C9B49200C10090 /* Frameworks */ = {
			isa = PBXFrameworksBuildPhase;
			buildActionMask = 2147483647;
			files = (
			);
			runOnlyForDeploymentPostprocessing = 0;
		};
		374681E3235F11F600380AFC /* Frameworks */ = {
			isa = PBXFrameworksBuildPhase;
			buildActionMask = 2147483647;
			files = (
			);
			runOnlyForDeploymentPostprocessing = 0;
		};
		374681FC235F11F700380AFC /* Frameworks */ = {
			isa = PBXFrameworksBuildPhase;
			buildActionMask = 2147483647;
			files = (
			);
			runOnlyForDeploymentPostprocessing = 0;
		};
/* End PBXFrameworksBuildPhase section */

/* Begin PBXGroup section */
		2B745C1929C9B49200C10090 /* MealsOnWatch Watch App */ = {
			isa = PBXGroup;
			children = (
				2B745C7A29CC620300C10090 /* Assets.xcassets */,
				2B745C6E29CB802500C10090 /* MealsOnWatch-Info.plist */,
				2B745C8129CC89CF00C10090 /* AddMealWatchViewModel.swift */,
				2B745C1C29C9B49200C10090 /* ContentView.swift */,
				2B745C1A29C9B49200C10090 /* MealsOnWatchApp.swift */,
				2B745C2029C9B49200C10090 /* Preview Content */,
			);
			path = "MealsOnWatch Watch App";
			sourceTree = "<group>";
		};
		2B745C2029C9B49200C10090 /* Preview Content */ = {
			isa = PBXGroup;
			children = (
				2B745C2129C9B49200C10090 /* Preview Assets.xcassets */,
			);
			path = "Preview Content";
			sourceTree = "<group>";
		};
		2B745C2A29C9B49200C10090 /* MealsOnWatch Watch AppTests */ = {
			isa = PBXGroup;
			children = (
				2B745C2B29C9B49200C10090 /* MealsOnWatch_Watch_AppTests.swift */,
			);
			path = "MealsOnWatch Watch AppTests";
			sourceTree = "<group>";
		};
		2B745C4529CA049200C10090 /* Frameworks */ = {
			isa = PBXGroup;
			children = (
			);
			name = Frameworks;
			sourceTree = "<group>";
		};
		2B745C6F29CC604D00C10090 /* AddMeal */ = {
			isa = PBXGroup;
			children = (
				373AAECB23993BF900E142AD /* AddMealView.swift */,
				2B745C7029CC607800C10090 /* AddMealViewModel.swift */,
				2B745C8529CC8A4600C10090 /* AddMealButton.swift */,
				2B745C7F29CC893700C10090 /* AddMealViewModelProtocol.swift */,
			);
			path = AddMeal;
			sourceTree = "<group>";
		};
		2B745C8829CDB42600C10090 /* Extensions */ = {
			isa = PBXGroup;
			children = (
				3767F7F423A9263A0037C402 /* Int+StringValue.swift */,
				37CBA12923CCBAD4005593D6 /* String+ExtractInt.swift */,
			);
			path = Extensions;
			sourceTree = "<group>";
		};
		374681DD235F11F600380AFC = {
			isa = PBXGroup;
			children = (
				374681E8235F11F600380AFC /* Meals */,
				37468202235F11F700380AFC /* MealsTests */,
				2B745C1929C9B49200C10090 /* MealsOnWatch Watch App */,
				2B745C2A29C9B49200C10090 /* MealsOnWatch Watch AppTests */,
				374681E7235F11F600380AFC /* Products */,
				2B745C4529CA049200C10090 /* Frameworks */,
			);
			sourceTree = "<group>";
		};
		374681E7235F11F600380AFC /* Products */ = {
			isa = PBXGroup;
			children = (
				374681E6235F11F600380AFC /* Meals.app */,
				374681FF235F11F700380AFC /* MealsTests.xctest */,
				2B745C1829C9B49200C10090 /* MealsOnWatch Watch App.app */,
				2B745C2729C9B49200C10090 /* MealsOnWatch Watch AppTests.xctest */,
			);
			name = Products;
			sourceTree = "<group>";
		};
		374681E8235F11F600380AFC /* Meals */ = {
			isa = PBXGroup;
			children = (
				374681FA235F11F700380AFC /* Info.plist */,
				37CB3419235F140800AAB41D /* AppDelegate.swift */,
				37CB3417235F13F400AAB41D /* ContentView.swift */,
				37CB3415235F13E000AAB41D /* SceneDelegate.swift */,
				37CB341B235F142200AAB41D /* Assets.xcassets */,
				37468218235F122100380AFC /* Common */,
				3746820F235F122000380AFC /* CoreData */,
				374681F7235F11F700380AFC /* LaunchScreen.storyboard */,
				37F1556F23621DFC00FDF8CA /* MealLog */,
				3755896723954C2F00213C08 /* Models */,
				374681F4235F11F700380AFC /* Preview Content */,
				3764E9A72371A67600971781 /* Settings */,
				37468214235F122100380AFC /* Statistics */,
			);
			path = Meals;
			sourceTree = "<group>";
		};
		374681F4235F11F700380AFC /* Preview Content */ = {
			isa = PBXGroup;
			children = (
				374681F5235F11F700380AFC /* Preview Assets.xcassets */,
			);
			path = "Preview Content";
			sourceTree = "<group>";
		};
		37468202235F11F700380AFC /* MealsTests */ = {
			isa = PBXGroup;
			children = (
				37468203235F11F700380AFC /* MealsTests.swift */,
				37468205235F11F700380AFC /* Info.plist */,
			);
			path = MealsTests;
			sourceTree = "<group>";
		};
		3746820F235F122000380AFC /* CoreData */ = {
			isa = PBXGroup;
			children = (
				37E7B95F23A91B1800C1FE74 /* CaloriesCount+CoreDataClass.swift */,
				37E7B96023A91B1800C1FE74 /* CaloriesCount+CoreDataProperties.swift */,
				37468213235F122000380AFC /* Meal+CoreDataClass.swift */,
				37F1556A2361B25900FDF8CA /* Meal+CoreDataProperties.swift */,
				37F155702362244900FDF8CA /* Meal+Identifiable.swift */,
				37468211235F122000380AFC /* Meals.xcdatamodeld */,
				37F155652361A91F00FDF8CA /* PersistentContainer.swift */,
			);
			path = CoreData;
			sourceTree = "<group>";
		};
		37468214235F122100380AFC /* Statistics */ = {
			isa = PBXGroup;
			children = (
				37CB341D235F16C300AAB41D /* Statistics.swift */,
				37C5935B235F37EB00EAEEB7 /* StatisticsCell.swift */,
				3764E9AC2371A6D600971781 /* FileExporter.swift */,
			);
			path = Statistics;
			sourceTree = "<group>";
		};
		37468218235F122100380AFC /* Common */ = {
			isa = PBXGroup;
			children = (
				2B745C8829CDB42600C10090 /* Extensions */,
				3764E9AE2371BBF500971781 /* ActivityViewController.swift */,
				37B133FE23CCAF450050B376 /* DismissingKeyboard.swift */,
				37F1556D2361D93B00FDF8CA /* TypeTag.swift */,
				2B745C6629CB1FAA00C10090 /* WCSessionDelegator.swift */,
				37468219235F122100380AFC /* World.swift */,
				2B745C8929CDB45900C10090 /* NotificationType.swift */,
			);
			path = Common;
			sourceTree = "<group>";
		};
		3755896723954C2F00213C08 /* Models */ = {
			isa = PBXGroup;
			children = (
				37CB3421235F191500AAB41D /* Day.swift */,
				2B745C7229CC60F300C10090 /* MealModel.swift */,
				37F155672361B06D00FDF8CA /* MealType.swift */,
				37468216235F122100380AFC /* Weight.swift */,
			);
			path = Models;
			sourceTree = "<group>";
		};
		3764E9A72371A67600971781 /* Settings */ = {
			isa = PBXGroup;
			children = (
				3764E9A82371A6AF00971781 /* Settings.swift */,
			);
			path = Settings;
			sourceTree = "<group>";
		};
		37F1556F23621DFC00FDF8CA /* MealLog */ = {
			isa = PBXGroup;
			children = (
				2B745C6F29CC604D00C10090 /* AddMeal */,
				37468217235F122100380AFC /* MealCell.swift */,
				37C5935F235F452500EAEEB7 /* MealLog.swift */,
				37C89FA323D5A7EC00E7C19D /* EditMeal.swift */,
			);
			path = MealLog;
			sourceTree = "<group>";
		};
/* End PBXGroup section */

/* Begin PBXNativeTarget section */
		2B745C1729C9B49200C10090 /* MealsOnWatch Watch App */ = {
			isa = PBXNativeTarget;
			buildConfigurationList = 2B745C3F29C9B49200C10090 /* Build configuration list for PBXNativeTarget "MealsOnWatch Watch App" */;
			buildPhases = (
				2B745C1429C9B49200C10090 /* Sources */,
				2B745C1529C9B49200C10090 /* Frameworks */,
				2B745C1629C9B49200C10090 /* Resources */,
				2B745C5B29CB06F000C10090 /* Embed ExtensionKit Extensions */,
			);
			buildRules = (
			);
			dependencies = (
			);
			name = "MealsOnWatch Watch App";
			packageProductDependencies = (
			);
			productName = "MealsOnWatch Watch App";
			productReference = 2B745C1829C9B49200C10090 /* MealsOnWatch Watch App.app */;
			productType = "com.apple.product-type.application";
		};
		2B745C2629C9B49200C10090 /* MealsOnWatch Watch AppTests */ = {
			isa = PBXNativeTarget;
			buildConfigurationList = 2B745C4029C9B49200C10090 /* Build configuration list for PBXNativeTarget "MealsOnWatch Watch AppTests" */;
			buildPhases = (
				2B745C2329C9B49200C10090 /* Sources */,
				2B745C2429C9B49200C10090 /* Frameworks */,
				2B745C2529C9B49200C10090 /* Resources */,
			);
			buildRules = (
			);
			dependencies = (
				2B745C2929C9B49200C10090 /* PBXTargetDependency */,
			);
			name = "MealsOnWatch Watch AppTests";
			productName = "MealsOnWatch Watch AppTests";
			productReference = 2B745C2729C9B49200C10090 /* MealsOnWatch Watch AppTests.xctest */;
			productType = "com.apple.product-type.bundle.unit-test";
		};
		374681E5235F11F600380AFC /* Meals */ = {
			isa = PBXNativeTarget;
			buildConfigurationList = 37468208235F11F700380AFC /* Build configuration list for PBXNativeTarget "Meals" */;
			buildPhases = (
				374681E2235F11F600380AFC /* Sources */,
				374681E3235F11F600380AFC /* Frameworks */,
				374681E4235F11F600380AFC /* Resources */,
				373AAEB82399391200E142AD /* Embed Watch Content */,
				373AAECE239A56E100E142AD /* Swiftlint */,
			);
			buildRules = (
			);
			dependencies = (
			);
			name = Meals;
			packageProductDependencies = (
			);
			productName = Meals;
			productReference = 374681E6235F11F600380AFC /* Meals.app */;
			productType = "com.apple.product-type.application";
		};
		374681FE235F11F700380AFC /* MealsTests */ = {
			isa = PBXNativeTarget;
			buildConfigurationList = 3746820B235F11F700380AFC /* Build configuration list for PBXNativeTarget "MealsTests" */;
			buildPhases = (
				374681FB235F11F700380AFC /* Sources */,
				374681FC235F11F700380AFC /* Frameworks */,
				374681FD235F11F700380AFC /* Resources */,
			);
			buildRules = (
			);
			dependencies = (
				37468201235F11F700380AFC /* PBXTargetDependency */,
			);
			name = MealsTests;
			productName = MealsTests;
			productReference = 374681FF235F11F700380AFC /* MealsTests.xctest */;
			productType = "com.apple.product-type.bundle.unit-test";
		};
/* End PBXNativeTarget section */

/* Begin PBXProject section */
		374681DE235F11F600380AFC /* Project object */ = {
			isa = PBXProject;
			attributes = {
				LastSwiftUpdateCheck = 1420;
				LastUpgradeCheck = 1420;
				ORGANIZATIONNAME = "Dalibor Andjelkovic";
				TargetAttributes = {
					2B745C1729C9B49200C10090 = {
						CreatedOnToolsVersion = 14.2;
					};
					2B745C2629C9B49200C10090 = {
						CreatedOnToolsVersion = 14.2;
						TestTargetID = 2B745C1729C9B49200C10090;
					};
					374681E5235F11F600380AFC = {
						CreatedOnToolsVersion = 11.1;
					};
					374681FE235F11F700380AFC = {
						CreatedOnToolsVersion = 11.1;
						TestTargetID = 374681E5235F11F600380AFC;
					};
				};
			};
			buildConfigurationList = 374681E1235F11F600380AFC /* Build configuration list for PBXProject "Meals" */;
			compatibilityVersion = "Xcode 14.0";
			developmentRegion = en;
			hasScannedForEncodings = 0;
			knownRegions = (
				en,
				Base,
			);
			mainGroup = 374681DD235F11F600380AFC;
			productRefGroup = 374681E7235F11F600380AFC /* Products */;
			projectDirPath = "";
			projectRoot = "";
			targets = (
				374681E5235F11F600380AFC /* Meals */,
				374681FE235F11F700380AFC /* MealsTests */,
				2B745C1729C9B49200C10090 /* MealsOnWatch Watch App */,
				2B745C2629C9B49200C10090 /* MealsOnWatch Watch AppTests */,
			);
		};
/* End PBXProject section */

/* Begin PBXResourcesBuildPhase section */
		2B745C1629C9B49200C10090 /* Resources */ = {
			isa = PBXResourcesBuildPhase;
			buildActionMask = 2147483647;
			files = (
				2B745C2229C9B49200C10090 /* Preview Assets.xcassets in Resources */,
				2B745C7B29CC620300C10090 /* Assets.xcassets in Resources */,
			);
			runOnlyForDeploymentPostprocessing = 0;
		};
		2B745C2529C9B49200C10090 /* Resources */ = {
			isa = PBXResourcesBuildPhase;
			buildActionMask = 2147483647;
			files = (
			);
			runOnlyForDeploymentPostprocessing = 0;
		};
		374681E4235F11F600380AFC /* Resources */ = {
			isa = PBXResourcesBuildPhase;
			buildActionMask = 2147483647;
			files = (
				374681F9235F11F700380AFC /* LaunchScreen.storyboard in Resources */,
				374681F6235F11F700380AFC /* Preview Assets.xcassets in Resources */,
				37CB341C235F142200AAB41D /* Assets.xcassets in Resources */,
			);
			runOnlyForDeploymentPostprocessing = 0;
		};
		374681FD235F11F700380AFC /* Resources */ = {
			isa = PBXResourcesBuildPhase;
			buildActionMask = 2147483647;
			files = (
			);
			runOnlyForDeploymentPostprocessing = 0;
		};
/* End PBXResourcesBuildPhase section */

/* Begin PBXShellScriptBuildPhase section */
		373AAECE239A56E100E142AD /* Swiftlint */ = {
			isa = PBXShellScriptBuildPhase;
			buildActionMask = 2147483647;
			files = (
			);
			inputFileListPaths = (
			);
			inputPaths = (
			);
			name = Swiftlint;
			outputFileListPaths = (
			);
			outputPaths = (
			);
			runOnlyForDeploymentPostprocessing = 0;
			shellPath = /bin/zsh;
			shellScript = "SWIFTLINT_PATH=\"/opt/homebrew/bin/swiftlint\" # depending on your swiftlint install. E.g. this path is for M1 macs using $ brew install swiftlint\nSWIFTLINT_CONFIG_PATH=\".swiftlint.yml\"\n\nif test -f \"$SWIFTLINT_PATH\";\nthen\n    \"${SWIFTLINT_PATH}\" autocorrect --config ${SWIFTLINT_CONFIG_PATH} .\n    \"${SWIFTLINT_PATH}\" lint --config ${SWIFTLINT_CONFIG_PATH} .\nelse\n    echo \"Swiftlint not installed or reachable within the configured SWIFTLINT_PATH. Use `brew install swiftlint`\"\nfi\n";
		};
/* End PBXShellScriptBuildPhase section */

/* Begin PBXSourcesBuildPhase section */
		2B745C1429C9B49200C10090 /* Sources */ = {
			isa = PBXSourcesBuildPhase;
			buildActionMask = 2147483647;
			files = (
				2B745C8C29CDB5A200C10090 /* NotificationType.swift in Sources */,
				2B745C7429CC60F300C10090 /* MealModel.swift in Sources */,
				2B745C8329CC89E400C10090 /* AddMealViewModelProtocol.swift in Sources */,
				2B745C7829CC61A900C10090 /* CaloriesCount+CoreDataClass.swift in Sources */,
				2B745C6829CB1FAC00C10090 /* WCSessionDelegator.swift in Sources */,
				2B745C7929CC61DE00C10090 /* CaloriesCount+CoreDataProperties.swift in Sources */,
				2B745C8229CC89CF00C10090 /* AddMealWatchViewModel.swift in Sources */,
				2B745C6329CB188100C10090 /* World.swift in Sources */,
				2B745C1D29C9B49200C10090 /* ContentView.swift in Sources */,
				2B745C7529CC611600C10090 /* MealType.swift in Sources */,
				2B745C8729CDAB8700C10090 /* AddMealButton.swift in Sources */,
				2B745C7729CC618400C10090 /* Weight.swift in Sources */,
				2B745C1B29C9B49200C10090 /* MealsOnWatchApp.swift in Sources */,
				2B745C7C29CC803600C10090 /* AddMealView.swift in Sources */,
			);
			runOnlyForDeploymentPostprocessing = 0;
		};
		2B745C2329C9B49200C10090 /* Sources */ = {
			isa = PBXSourcesBuildPhase;
			buildActionMask = 2147483647;
			files = (
				2B745C2C29C9B49200C10090 /* MealsOnWatch_Watch_AppTests.swift in Sources */,
			);
			runOnlyForDeploymentPostprocessing = 0;
		};
		374681E2235F11F600380AFC /* Sources */ = {
			isa = PBXSourcesBuildPhase;
			buildActionMask = 2147483647;
			files = (
				37CB341A235F140800AAB41D /* AppDelegate.swift in Sources */,
				37C89FA423D5A7EC00E7C19D /* EditMeal.swift in Sources */,
				2B745C6729CB1FAA00C10090 /* WCSessionDelegator.swift in Sources */,
				37B133FF23CCAF450050B376 /* DismissingKeyboard.swift in Sources */,
				37CB3422235F191500AAB41D /* Day.swift in Sources */,
				37F155682361B06D00FDF8CA /* MealType.swift in Sources */,
				3764E9AF2371BBF500971781 /* ActivityViewController.swift in Sources */,
				37CBA12A23CCBAD4005593D6 /* String+ExtractInt.swift in Sources */,
				2B745C7129CC607800C10090 /* AddMealViewModel.swift in Sources */,
				37CB341E235F16C300AAB41D /* Statistics.swift in Sources */,
				2B745C7329CC60F300C10090 /* MealModel.swift in Sources */,
				37CB3418235F13F400AAB41D /* ContentView.swift in Sources */,
				3746821F235F122100380AFC /* Meals.xcdatamodeld in Sources */,
				37C59360235F452500EAEEB7 /* MealLog.swift in Sources */,
				37E7B96323A91B1800C1FE74 /* CaloriesCount+CoreDataProperties.swift in Sources */,
				37F1556C2361B25900FDF8CA /* Meal+CoreDataProperties.swift in Sources */,
				3767F7F523A9263A0037C402 /* Int+StringValue.swift in Sources */,
				37F155662361A91F00FDF8CA /* PersistentContainer.swift in Sources */,
				2B745C8629CC8A4A00C10090 /* AddMealButton.swift in Sources */,
				37F1556E2361D93B00FDF8CA /* TypeTag.swift in Sources */,
				3764E9A92371A6AF00971781 /* Settings.swift in Sources */,
				37468223235F122100380AFC /* MealCell.swift in Sources */,
				3764E9AD2371A6D600971781 /* FileExporter.swift in Sources */,
				373AAECC23993BF900E142AD /* AddMealView.swift in Sources */,
				37468224235F122100380AFC /* World.swift in Sources */,
				37E7B96123A91B1800C1FE74 /* CaloriesCount+CoreDataClass.swift in Sources */,
				37468222235F122100380AFC /* Weight.swift in Sources */,
				37CB3416235F13E000AAB41D /* SceneDelegate.swift in Sources */,
				37468220235F122100380AFC /* Meal+CoreDataClass.swift in Sources */,
				37F155712362244900FDF8CA /* Meal+Identifiable.swift in Sources */,
				37C5935C235F37EB00EAEEB7 /* StatisticsCell.swift in Sources */,
				2B745C8A29CDB45900C10090 /* NotificationType.swift in Sources */,
				2B745C8029CC893700C10090 /* AddMealViewModelProtocol.swift in Sources */,
			);
			runOnlyForDeploymentPostprocessing = 0;
		};
		374681FB235F11F700380AFC /* Sources */ = {
			isa = PBXSourcesBuildPhase;
			buildActionMask = 2147483647;
			files = (
				37468204235F11F700380AFC /* MealsTests.swift in Sources */,
			);
			runOnlyForDeploymentPostprocessing = 0;
		};
/* End PBXSourcesBuildPhase section */

/* Begin PBXTargetDependency section */
		2B745C2929C9B49200C10090 /* PBXTargetDependency */ = {
			isa = PBXTargetDependency;
			target = 2B745C1729C9B49200C10090 /* MealsOnWatch Watch App */;
			targetProxy = 2B745C2829C9B49200C10090 /* PBXContainerItemProxy */;
		};
		37468201235F11F700380AFC /* PBXTargetDependency */ = {
			isa = PBXTargetDependency;
			target = 374681E5235F11F600380AFC /* Meals */;
			targetProxy = 37468200235F11F700380AFC /* PBXContainerItemProxy */;
		};
/* End PBXTargetDependency section */

/* Begin PBXVariantGroup section */
		374681F7235F11F700380AFC /* LaunchScreen.storyboard */ = {
			isa = PBXVariantGroup;
			children = (
				374681F8235F11F700380AFC /* Base */,
			);
			name = LaunchScreen.storyboard;
			sourceTree = "<group>";
		};
/* End PBXVariantGroup section */

/* Begin XCBuildConfiguration section */
		2B745C3929C9B49200C10090 /* Debug */ = {
			isa = XCBuildConfiguration;
			buildSettings = {
				ALWAYS_EMBED_SWIFT_STANDARD_LIBRARIES = YES;
				ASSETCATALOG_COMPILER_APPICON_NAME = AppIcon;
				ASSETCATALOG_COMPILER_GLOBAL_ACCENT_COLOR_NAME = AccentColor;
				CLANG_CXX_LANGUAGE_STANDARD = "gnu++20";
				CODE_SIGN_STYLE = Automatic;
				CURRENT_PROJECT_VERSION = 1;
				DEVELOPMENT_ASSET_PATHS = "\"MealsOnWatch Watch App/Preview Content\"";
				DEVELOPMENT_TEAM = K5D6HR6W32;
				ENABLE_PREVIEWS = YES;
				GENERATE_INFOPLIST_FILE = YES;
				INFOPLIST_FILE = "MealsOnWatch-Info.plist";
				INFOPLIST_KEY_CFBundleDisplayName = MealsOnWatch;
				INFOPLIST_KEY_UISupportedInterfaceOrientations = "UIInterfaceOrientationPortrait UIInterfaceOrientationPortraitUpsideDown";
				INFOPLIST_KEY_WKCompanionAppBundleIdentifier = de.dandjelkovic.Meals;
				LD_RUNPATH_SEARCH_PATHS = (
					"$(inherited)",
					"@executable_path/Frameworks",
				);
				MARKETING_VERSION = 1.0;
				PRODUCT_BUNDLE_IDENTIFIER = de.dandjelkovic.Meals.watchkitapp;
				PRODUCT_NAME = "$(TARGET_NAME)";
				SDKROOT = watchos;
				SKIP_INSTALL = YES;
				SWIFT_EMIT_LOC_STRINGS = YES;
				SWIFT_VERSION = 5.0;
				TARGETED_DEVICE_FAMILY = 4;
				WATCHOS_DEPLOYMENT_TARGET = 9.1;
			};
			name = Debug;
		};
		2B745C3A29C9B49200C10090 /* Release */ = {
			isa = XCBuildConfiguration;
			buildSettings = {
				ALWAYS_EMBED_SWIFT_STANDARD_LIBRARIES = YES;
				ASSETCATALOG_COMPILER_APPICON_NAME = AppIcon;
				ASSETCATALOG_COMPILER_GLOBAL_ACCENT_COLOR_NAME = AccentColor;
				CLANG_CXX_LANGUAGE_STANDARD = "gnu++20";
				CODE_SIGN_STYLE = Automatic;
				CURRENT_PROJECT_VERSION = 1;
				DEVELOPMENT_ASSET_PATHS = "\"MealsOnWatch Watch App/Preview Content\"";
				DEVELOPMENT_TEAM = K5D6HR6W32;
				ENABLE_PREVIEWS = YES;
				GENERATE_INFOPLIST_FILE = YES;
				INFOPLIST_FILE = "MealsOnWatch-Info.plist";
				INFOPLIST_KEY_CFBundleDisplayName = MealsOnWatch;
				INFOPLIST_KEY_UISupportedInterfaceOrientations = "UIInterfaceOrientationPortrait UIInterfaceOrientationPortraitUpsideDown";
				INFOPLIST_KEY_WKCompanionAppBundleIdentifier = de.dandjelkovic.Meals;
				LD_RUNPATH_SEARCH_PATHS = (
					"$(inherited)",
					"@executable_path/Frameworks",
				);
				MARKETING_VERSION = 1.0;
				PRODUCT_BUNDLE_IDENTIFIER = de.dandjelkovic.Meals.watchkitapp;
				PRODUCT_NAME = "$(TARGET_NAME)";
				SDKROOT = watchos;
				SKIP_INSTALL = YES;
				SWIFT_EMIT_LOC_STRINGS = YES;
				SWIFT_VERSION = 5.0;
				TARGETED_DEVICE_FAMILY = 4;
				WATCHOS_DEPLOYMENT_TARGET = 9.1;
			};
			name = Release;
		};
		2B745C3B29C9B49200C10090 /* Debug */ = {
			isa = XCBuildConfiguration;
			buildSettings = {
				ALWAYS_EMBED_SWIFT_STANDARD_LIBRARIES = YES;
				BUNDLE_LOADER = "$(TEST_HOST)";
				CLANG_CXX_LANGUAGE_STANDARD = "gnu++20";
				CODE_SIGN_STYLE = Automatic;
				CURRENT_PROJECT_VERSION = 1;
				DEVELOPMENT_TEAM = K5D6HR6W32;
				GENERATE_INFOPLIST_FILE = YES;
				MARKETING_VERSION = 1.0;
				PRODUCT_BUNDLE_IDENTIFIER = "de.dandjelkovic.MealsOnWatch-Watch-AppTests";
				PRODUCT_NAME = "$(TARGET_NAME)";
				SDKROOT = watchos;
				SWIFT_EMIT_LOC_STRINGS = NO;
				SWIFT_VERSION = 5.0;
				TARGETED_DEVICE_FAMILY = 4;
				TEST_HOST = "$(BUILT_PRODUCTS_DIR)/MealsOnWatch Watch App.app/$(BUNDLE_EXECUTABLE_FOLDER_PATH)/MealsOnWatch Watch App";
				WATCHOS_DEPLOYMENT_TARGET = 9.1;
			};
			name = Debug;
		};
		2B745C3C29C9B49200C10090 /* Release */ = {
			isa = XCBuildConfiguration;
			buildSettings = {
				ALWAYS_EMBED_SWIFT_STANDARD_LIBRARIES = YES;
				BUNDLE_LOADER = "$(TEST_HOST)";
				CLANG_CXX_LANGUAGE_STANDARD = "gnu++20";
				CODE_SIGN_STYLE = Automatic;
				CURRENT_PROJECT_VERSION = 1;
				DEVELOPMENT_TEAM = K5D6HR6W32;
				GENERATE_INFOPLIST_FILE = YES;
				MARKETING_VERSION = 1.0;
				PRODUCT_BUNDLE_IDENTIFIER = "de.dandjelkovic.MealsOnWatch-Watch-AppTests";
				PRODUCT_NAME = "$(TARGET_NAME)";
				SDKROOT = watchos;
				SWIFT_EMIT_LOC_STRINGS = NO;
				SWIFT_VERSION = 5.0;
				TARGETED_DEVICE_FAMILY = 4;
				TEST_HOST = "$(BUILT_PRODUCTS_DIR)/MealsOnWatch Watch App.app/$(BUNDLE_EXECUTABLE_FOLDER_PATH)/MealsOnWatch Watch App";
				WATCHOS_DEPLOYMENT_TARGET = 9.1;
			};
			name = Release;
		};
		37468206235F11F700380AFC /* Debug */ = {
			isa = XCBuildConfiguration;
			buildSettings = {
				ALWAYS_SEARCH_USER_PATHS = NO;
				CLANG_ANALYZER_NONNULL = YES;
				CLANG_ANALYZER_NUMBER_OBJECT_CONVERSION = YES_AGGRESSIVE;
				CLANG_CXX_LANGUAGE_STANDARD = "gnu++14";
				CLANG_CXX_LIBRARY = "libc++";
				CLANG_ENABLE_MODULES = YES;
				CLANG_ENABLE_OBJC_ARC = YES;
				CLANG_ENABLE_OBJC_WEAK = YES;
				CLANG_WARN_BLOCK_CAPTURE_AUTORELEASING = YES;
				CLANG_WARN_BOOL_CONVERSION = YES;
				CLANG_WARN_COMMA = YES;
				CLANG_WARN_CONSTANT_CONVERSION = YES;
				CLANG_WARN_DEPRECATED_OBJC_IMPLEMENTATIONS = YES;
				CLANG_WARN_DIRECT_OBJC_ISA_USAGE = YES_ERROR;
				CLANG_WARN_DOCUMENTATION_COMMENTS = YES;
				CLANG_WARN_EMPTY_BODY = YES;
				CLANG_WARN_ENUM_CONVERSION = YES;
				CLANG_WARN_INFINITE_RECURSION = YES;
				CLANG_WARN_INT_CONVERSION = YES;
				CLANG_WARN_NON_LITERAL_NULL_CONVERSION = YES;
				CLANG_WARN_OBJC_IMPLICIT_RETAIN_SELF = YES;
				CLANG_WARN_OBJC_LITERAL_CONVERSION = YES;
				CLANG_WARN_OBJC_ROOT_CLASS = YES_ERROR;
				CLANG_WARN_QUOTED_INCLUDE_IN_FRAMEWORK_HEADER = YES;
				CLANG_WARN_RANGE_LOOP_ANALYSIS = YES;
				CLANG_WARN_STRICT_PROTOTYPES = YES;
				CLANG_WARN_SUSPICIOUS_MOVE = YES;
				CLANG_WARN_UNGUARDED_AVAILABILITY = YES_AGGRESSIVE;
				CLANG_WARN_UNREACHABLE_CODE = YES;
				CLANG_WARN__DUPLICATE_METHOD_MATCH = YES;
				COPY_PHASE_STRIP = NO;
				DEBUG_INFORMATION_FORMAT = dwarf;
				ENABLE_STRICT_OBJC_MSGSEND = YES;
				ENABLE_TESTABILITY = YES;
				GCC_C_LANGUAGE_STANDARD = gnu11;
				GCC_DYNAMIC_NO_PIC = NO;
				GCC_NO_COMMON_BLOCKS = YES;
				GCC_OPTIMIZATION_LEVEL = 0;
				GCC_PREPROCESSOR_DEFINITIONS = (
					"DEBUG=1",
					"$(inherited)",
				);
				GCC_WARN_64_TO_32_BIT_CONVERSION = YES;
				GCC_WARN_ABOUT_RETURN_TYPE = YES_ERROR;
				GCC_WARN_UNDECLARED_SELECTOR = YES;
				GCC_WARN_UNINITIALIZED_AUTOS = YES_AGGRESSIVE;
				GCC_WARN_UNUSED_FUNCTION = YES;
				GCC_WARN_UNUSED_VARIABLE = YES;
				IPHONEOS_DEPLOYMENT_TARGET = 16.2;
				MTL_ENABLE_DEBUG_INFO = INCLUDE_SOURCE;
				MTL_FAST_MATH = YES;
				ONLY_ACTIVE_ARCH = YES;
				SDKROOT = iphoneos;
				SWIFT_ACTIVE_COMPILATION_CONDITIONS = DEBUG;
				SWIFT_OPTIMIZATION_LEVEL = "-Onone";
			};
			name = Debug;
		};
		37468207235F11F700380AFC /* Release */ = {
			isa = XCBuildConfiguration;
			buildSettings = {
				ALWAYS_SEARCH_USER_PATHS = NO;
				CLANG_ANALYZER_NONNULL = YES;
				CLANG_ANALYZER_NUMBER_OBJECT_CONVERSION = YES_AGGRESSIVE;
				CLANG_CXX_LANGUAGE_STANDARD = "gnu++14";
				CLANG_CXX_LIBRARY = "libc++";
				CLANG_ENABLE_MODULES = YES;
				CLANG_ENABLE_OBJC_ARC = YES;
				CLANG_ENABLE_OBJC_WEAK = YES;
				CLANG_WARN_BLOCK_CAPTURE_AUTORELEASING = YES;
				CLANG_WARN_BOOL_CONVERSION = YES;
				CLANG_WARN_COMMA = YES;
				CLANG_WARN_CONSTANT_CONVERSION = YES;
				CLANG_WARN_DEPRECATED_OBJC_IMPLEMENTATIONS = YES;
				CLANG_WARN_DIRECT_OBJC_ISA_USAGE = YES_ERROR;
				CLANG_WARN_DOCUMENTATION_COMMENTS = YES;
				CLANG_WARN_EMPTY_BODY = YES;
				CLANG_WARN_ENUM_CONVERSION = YES;
				CLANG_WARN_INFINITE_RECURSION = YES;
				CLANG_WARN_INT_CONVERSION = YES;
				CLANG_WARN_NON_LITERAL_NULL_CONVERSION = YES;
				CLANG_WARN_OBJC_IMPLICIT_RETAIN_SELF = YES;
				CLANG_WARN_OBJC_LITERAL_CONVERSION = YES;
				CLANG_WARN_OBJC_ROOT_CLASS = YES_ERROR;
				CLANG_WARN_QUOTED_INCLUDE_IN_FRAMEWORK_HEADER = YES;
				CLANG_WARN_RANGE_LOOP_ANALYSIS = YES;
				CLANG_WARN_STRICT_PROTOTYPES = YES;
				CLANG_WARN_SUSPICIOUS_MOVE = YES;
				CLANG_WARN_UNGUARDED_AVAILABILITY = YES_AGGRESSIVE;
				CLANG_WARN_UNREACHABLE_CODE = YES;
				CLANG_WARN__DUPLICATE_METHOD_MATCH = YES;
				COPY_PHASE_STRIP = NO;
				DEBUG_INFORMATION_FORMAT = "dwarf-with-dsym";
				ENABLE_NS_ASSERTIONS = NO;
				ENABLE_STRICT_OBJC_MSGSEND = YES;
				GCC_C_LANGUAGE_STANDARD = gnu11;
				GCC_NO_COMMON_BLOCKS = YES;
				GCC_WARN_64_TO_32_BIT_CONVERSION = YES;
				GCC_WARN_ABOUT_RETURN_TYPE = YES_ERROR;
				GCC_WARN_UNDECLARED_SELECTOR = YES;
				GCC_WARN_UNINITIALIZED_AUTOS = YES_AGGRESSIVE;
				GCC_WARN_UNUSED_FUNCTION = YES;
				GCC_WARN_UNUSED_VARIABLE = YES;
				IPHONEOS_DEPLOYMENT_TARGET = 16.2;
				MTL_ENABLE_DEBUG_INFO = NO;
				MTL_FAST_MATH = YES;
				SDKROOT = iphoneos;
				SWIFT_COMPILATION_MODE = wholemodule;
				SWIFT_OPTIMIZATION_LEVEL = "-O";
				VALIDATE_PRODUCT = YES;
			};
			name = Release;
		};
		37468209235F11F700380AFC /* Debug */ = {
			isa = XCBuildConfiguration;
			buildSettings = {
				ASSETCATALOG_COMPILER_APPICON_NAME = AppIcon;
				CODE_SIGN_IDENTITY = "Apple Development";
				CODE_SIGN_STYLE = Automatic;
				DEVELOPMENT_ASSET_PATHS = "\"Meals/Preview Content\"";
				DEVELOPMENT_TEAM = HH7V8CB5FF;
				ENABLE_PREVIEWS = YES;
				INFOPLIST_FILE = Meals/Info.plist;
				IPHONEOS_DEPLOYMENT_TARGET = 16.2;
				LD_RUNPATH_SEARCH_PATHS = (
					"$(inherited)",
					"@executable_path/Frameworks",
				);
				PRODUCT_BUNDLE_IDENTIFIER = de.dandjelkovic.Meals;
				PRODUCT_NAME = "$(TARGET_NAME)";
				PROVISIONING_PROFILE_SPECIFIER = "";
				SWIFT_VERSION = 5.0;
				TARGETED_DEVICE_FAMILY = "1,2";
			};
			name = Debug;
		};
		3746820A235F11F700380AFC /* Release */ = {
			isa = XCBuildConfiguration;
			buildSettings = {
				ASSETCATALOG_COMPILER_APPICON_NAME = AppIcon;
				CODE_SIGN_IDENTITY = "Apple Development";
				CODE_SIGN_STYLE = Automatic;
				DEVELOPMENT_ASSET_PATHS = "\"Meals/Preview Content\"";
				DEVELOPMENT_TEAM = HH7V8CB5FF;
				ENABLE_PREVIEWS = YES;
				INFOPLIST_FILE = Meals/Info.plist;
				IPHONEOS_DEPLOYMENT_TARGET = 16.2;
				LD_RUNPATH_SEARCH_PATHS = (
					"$(inherited)",
					"@executable_path/Frameworks",
				);
				PRODUCT_BUNDLE_IDENTIFIER = de.dandjelkovic.Meals;
				PRODUCT_NAME = "$(TARGET_NAME)";
				PROVISIONING_PROFILE_SPECIFIER = "";
				SWIFT_VERSION = 5.0;
				TARGETED_DEVICE_FAMILY = "1,2";
			};
			name = Release;
		};
		3746820C235F11F700380AFC /* Debug */ = {
			isa = XCBuildConfiguration;
			buildSettings = {
				ALWAYS_EMBED_SWIFT_STANDARD_LIBRARIES = YES;
				BUNDLE_LOADER = "$(TEST_HOST)";
				CODE_SIGN_STYLE = Automatic;
				DEVELOPMENT_TEAM = HH7V8CB5FF;
				INFOPLIST_FILE = MealsTests/Info.plist;
				IPHONEOS_DEPLOYMENT_TARGET = 16.2;
				LD_RUNPATH_SEARCH_PATHS = (
					"$(inherited)",
					"@executable_path/Frameworks",
					"@loader_path/Frameworks",
				);
				PRODUCT_BUNDLE_IDENTIFIER = de.dandjelkovic.MealsTests;
				PRODUCT_NAME = "$(TARGET_NAME)";
				SWIFT_VERSION = 5.0;
				TARGETED_DEVICE_FAMILY = "1,2";
				TEST_HOST = "$(BUILT_PRODUCTS_DIR)/Meals.app/Meals";
			};
			name = Debug;
		};
		3746820D235F11F700380AFC /* Release */ = {
			isa = XCBuildConfiguration;
			buildSettings = {
				ALWAYS_EMBED_SWIFT_STANDARD_LIBRARIES = YES;
				BUNDLE_LOADER = "$(TEST_HOST)";
				CODE_SIGN_STYLE = Automatic;
				DEVELOPMENT_TEAM = HH7V8CB5FF;
				INFOPLIST_FILE = MealsTests/Info.plist;
				IPHONEOS_DEPLOYMENT_TARGET = 16.2;
				LD_RUNPATH_SEARCH_PATHS = (
					"$(inherited)",
					"@executable_path/Frameworks",
					"@loader_path/Frameworks",
				);
				PRODUCT_BUNDLE_IDENTIFIER = de.dandjelkovic.MealsTests;
				PRODUCT_NAME = "$(TARGET_NAME)";
				SWIFT_VERSION = 5.0;
				TARGETED_DEVICE_FAMILY = "1,2";
				TEST_HOST = "$(BUILT_PRODUCTS_DIR)/Meals.app/Meals";
			};
			name = Release;
		};
/* End XCBuildConfiguration section */

/* Begin XCConfigurationList section */
		2B745C3F29C9B49200C10090 /* Build configuration list for PBXNativeTarget "MealsOnWatch Watch App" */ = {
			isa = XCConfigurationList;
			buildConfigurations = (
				2B745C3929C9B49200C10090 /* Debug */,
				2B745C3A29C9B49200C10090 /* Release */,
			);
			defaultConfigurationIsVisible = 0;
			defaultConfigurationName = Release;
		};
		2B745C4029C9B49200C10090 /* Build configuration list for PBXNativeTarget "MealsOnWatch Watch AppTests" */ = {
			isa = XCConfigurationList;
			buildConfigurations = (
				2B745C3B29C9B49200C10090 /* Debug */,
				2B745C3C29C9B49200C10090 /* Release */,
			);
			defaultConfigurationIsVisible = 0;
			defaultConfigurationName = Release;
		};
		374681E1235F11F600380AFC /* Build configuration list for PBXProject "Meals" */ = {
			isa = XCConfigurationList;
			buildConfigurations = (
				37468206235F11F700380AFC /* Debug */,
				37468207235F11F700380AFC /* Release */,
			);
			defaultConfigurationIsVisible = 0;
			defaultConfigurationName = Release;
		};
		37468208235F11F700380AFC /* Build configuration list for PBXNativeTarget "Meals" */ = {
			isa = XCConfigurationList;
			buildConfigurations = (
				37468209235F11F700380AFC /* Debug */,
				3746820A235F11F700380AFC /* Release */,
			);
			defaultConfigurationIsVisible = 0;
			defaultConfigurationName = Release;
		};
		3746820B235F11F700380AFC /* Build configuration list for PBXNativeTarget "MealsTests" */ = {
			isa = XCConfigurationList;
			buildConfigurations = (
				3746820C235F11F700380AFC /* Debug */,
				3746820D235F11F700380AFC /* Release */,
			);
			defaultConfigurationIsVisible = 0;
			defaultConfigurationName = Release;
		};
/* End XCConfigurationList section */

/* Begin XCVersionGroup section */
		37468211235F122000380AFC /* Meals.xcdatamodeld */ = {
			isa = XCVersionGroup;
			children = (
				37468212235F122000380AFC /* Loaded.xcdatamodel */,
			);
			currentVersion = 37468212235F122000380AFC /* Loaded.xcdatamodel */;
			path = Meals.xcdatamodeld;
			sourceTree = "<group>";
			versionGroupType = wrapper.xcdatamodel;
		};
/* End XCVersionGroup section */
	};
	rootObject = 374681DE235F11F600380AFC /* Project object */;
}
